
Microsoft Visual Studio Solution File, Format Version 12.00
# Visual Studio Version 17
VisualStudioVersion = 17.14.37614.0 d17.14
MinimumVisualStudioVersion = 10.0.40219.1
Project("{FAE04EC0-301F-11D3-BF4B-00C04F79EFBC}") = "HelloMaui", "HelloMaui.csproj", "{4CF1E4D7-5098-4AD8-A10B-072FFC445702}"
EndProject
Global
	GlobalSection(SolutionConfigurationPlatforms) = preSolution
		Debug|Any CPU = Debug|Any CPU
		Release|Any CPU = Release|Any CPU
	EndGlobalSection
	GlobalSection(ProjectConfigurationPlatforms) = postSolution
		{4CF1E4D7-5098-4AD8-A10B-072FFC445702}.Debug|Any CPU.ActiveCfg = Debug|Any CPU
		{4CF1E4D7-5098-4AD8-A10B-072FFC445702}.Debug|Any CPU.Build.0 = Debug|Any CPU
		{4CF1E4D7-5098-4AD8-A10B-072FFC445702}.Release|Any CPU.ActiveCfg = Release|Any CPU
		{4CF1E4D7-5098-4AD8-A10B-072FFC445702}.Release|Any CPU.Build.0 = Release|Any CPU
	EndGlobalSection
	GlobalSection(SolutionProperties) = preSolution
		HideSolutionNode = FALSE
	EndGlobalSection
	GlobalSection(ExtensibilityGlobals) = postSolution
		SolutionGuid = {7C7DE997-3E18-4A25-82BD-B43B5BB9A8FF}
	EndGlobalSection
EndGlobal
